// !$*UTF8*$!
{
	archiveVersion = 1;
	classes = {
	};
	objectVersion = 55;
	objects = {

/* Begin PBXBuildFile section */
		3ADB2CA62758E97C00C6D4D2 /* AppDelegate.swift in Sources */ = {isa = PBXBuildFile; fileRef = 3ADB2CA52758E97C00C6D4D2 /* AppDelegate.swift */; };
		3ADB2CA82758E97C00C6D4D2 /* SceneDelegate.swift in Sources */ = {isa = PBXBuildFile; fileRef = 3ADB2CA72758E97C00C6D4D2 /* SceneDelegate.swift */; };
		3ADB2CAA2758E97C00C6D4D2 /* ViewController.swift in Sources */ = {isa = PBXBuildFile; fileRef = 3ADB2CA92758E97C00C6D4D2 /* ViewController.swift */; };
		3ADB2CAD2758E97C00C6D4D2 /* Main.storyboard in Resources */ = {isa = PBXBuildFile; fileRef = 3ADB2CAB2758E97C00C6D4D2 /* Main.storyboard */; };
		3ADB2CAF2758E97D00C6D4D2 /* Assets.xcassets in Resources */ = {isa = PBXBuildFile; fileRef = 3ADB2CAE2758E97D00C6D4D2 /* Assets.xcassets */; };
		3ADB2CB22758E97D00C6D4D2 /* LaunchScreen.storyboard in Resources */ = {isa = PBXBuildFile; fileRef = 3ADB2CB02758E97D00C6D4D2 /* LaunchScreen.storyboard */; };
		3ADB2CBD2758E97D00C6D4D2 /* North_East_South_WestTests.swift in Sources */ = {isa = PBXBuildFile; fileRef = 3ADB2CBC2758E97D00C6D4D2 /* North_East_South_WestTests.swift */; };
		3ADB2CC72758E97E00C6D4D2 /* North_East_South_WestUITests.swift in Sources */ = {isa = PBXBuildFile; fileRef = 3ADB2CC62758E97E00C6D4D2 /* North_East_South_WestUITests.swift */; };
		3ADB2CC92758E97E00C6D4D2 /* North_East_South_WestUITestsLaunchTests.swift in Sources */ = {isa = PBXBuildFile; fileRef = 3ADB2CC82758E97E00C6D4D2 /* North_East_South_WestUITestsLaunchTests.swift */; };
/* End PBXBuildFile section */

/* Begin PBXContainerItemProxy section */
		3ADB2CB92758E97D00C6D4D2 /* PBXContainerItemProxy */ = {
			isa = PBXContainerItemProxy;
			containerPortal = 3ADB2C9A2758E97C00C6D4D2 /* Project object */;
			proxyType = 1;
			remoteGlobalIDString = 3ADB2CA12758E97C00C6D4D2;
			remoteInfo = "North East South West";
		};
		3ADB2CC32758E97E00C6D4D2 /* PBXContainerItemProxy */ = {
			isa = PBXContainerItemProxy;
			containerPortal = 3ADB2C9A2758E97C00C6D4D2 /* Project object */;
			proxyType = 1;
			remoteGlobalIDString = 3ADB2CA12758E97C00C6D4D2;
			remoteInfo = "North East South West";
		};
/* End PBXContainerItemProxy section */

/* Begin PBXFileReference section */
		3ADB2CA22758E97C00C6D4D2 /* North East South West.app */ = {isa = PBXFileReference; explicitFileType = wrapper.application; includeInIndex = 0; path = "North East South West.app"; sourceTree = BUILT_PRODUCTS_DIR; };
		3ADB2CA52758E97C00C6D4D2 /* AppDelegate.swift */ = {isa = PBXFileReference; lastKnownFileType = sourcecode.swift; path = AppDelegate.swift; sourceTree = "<group>"; };
		3ADB2CA72758E97C00C6D4D2 /* SceneDelegate.swift */ = {isa = PBXFileReference; lastKnownFileType = sourcecode.swift; path = SceneDelegate.swift; sourceTree = "<group>"; };
		3ADB2CA92758E97C00C6D4D2 /* ViewController.swift */ = {isa = PBXFileReference; lastKnownFileType = sourcecode.swift; path = ViewController.swift; sourceTree = "<group>"; };
		3ADB2CAC2758E97C00C6D4D2 /* Base */ = {isa = PBXFileReference; lastKnownFileType = file.storyboard; name = Base; path = Base.lproj/Main.storyboard; sourceTree = "<group>"; };
		3ADB2CAE2758E97D00C6D4D2 /* Assets.xcassets */ = {isa = PBXFileReference; lastKnownFileType = folder.assetcatalog; path = Assets.xcassets; sourceTree = "<group>"; };
		3ADB2CB12758E97D00C6D4D2 /* Base */ = {isa = PBXFileReference; lastKnownFileType = file.storyboard; name = Base; path = Base.lproj/LaunchScreen.storyboard; sourceTree = "<group>"; };
		3ADB2CB32758E97D00C6D4D2 /* Info.plist */ = {isa = PBXFileReference; lastKnownFileType = text.plist.xml; path = Info.plist; sourceTree = "<group>"; };
		3ADB2CB82758E97D00C6D4D2 /* North East South WestTests.xctest */ = {isa = PBXFileReference; explicitFileType = wrapper.cfbundle; includeInIndex = 0; path = "North East South WestTests.xctest"; sourceTree = BUILT_PRODUCTS_DIR; };
		3ADB2CBC2758E97D00C6D4D2 /* North_East_South_WestTests.swift */ = {isa = PBXFileReference; lastKnownFileType = sourcecode.swift; path = North_East_South_WestTests.swift; sourceTree = "<group>"; };
		3ADB2CC22758E97E00C6D4D2 /* North East South WestUITests.xctest */ = {isa = PBXFileReference; explicitFileType = wrapper.cfbundle; includeInIndex = 0; path = "North East South WestUITests.xctest"; sourceTree = BUILT_PRODUCTS_DIR; };
		3ADB2CC62758E97E00C6D4D2 /* North_East_South_WestUITests.swift */ = {isa = PBXFileReference; lastKnownFileType = sourcecode.swift; path = North_East_South_WestUITests.swift; sourceTree = "<group>"; };
		3ADB2CC82758E97E00C6D4D2 /* North_East_South_WestUITestsLaunchTests.swift */ = {isa = PBXFileReference; lastKnownFileType = sourcecode.swift; path = North_East_South_WestUITestsLaunchTests.swift; sourceTree = "<group>"; };
/* End PBXFileReference section */

/* Begin PBXFrameworksBuildPhase section */
		3ADB2C9F2758E97C00C6D4D2 /* Frameworks */ = {
			isa = PBXFrameworksBuildPhase;
			buildActionMask = 2147483647;
			files = (
			);
			runOnlyForDeploymentPostprocessing = 0;
		};
		3ADB2CB52758E97D00C6D4D2 /* Frameworks */ = {
			isa = PBXFrameworksBuildPhase;
			buildActionMask = 2147483647;
			files = (
			);
			runOnlyForDeploymentPostprocessing = 0;
		};
		3ADB2CBF2758E97E00C6D4D2 /* Frameworks */ = {
			isa = PBXFrameworksBuildPhase;
			buildActionMask = 2147483647;
			files = (
			);
			runOnlyForDeploymentPostprocessing = 0;
		};
/* End PBXFrameworksBuildPhase section */

/* Begin PBXGroup section */
		3ADB2C992758E97C00C6D4D2 = {
			isa = PBXGroup;
			children = (
				3ADB2CA42758E97C00C6D4D2 /* North East South West */,
				3ADB2CBB2758E97D00C6D4D2 /* North East South WestTests */,
				3ADB2CC52758E97E00C6D4D2 /* North East South WestUITests */,
				3ADB2CA32758E97C00C6D4D2 /* Products */,
			);
			sourceTree = "<group>";
		};
		3ADB2CA32758E97C00C6D4D2 /* Products */ = {
			isa = PBXGroup;
			children = (
				3ADB2CA22758E97C00C6D4D2 /* North East South West.app */,
				3ADB2CB82758E97D00C6D4D2 /* North East South WestTests.xctest */,
				3ADB2CC22758E97E00C6D4D2 /* North East South WestUITests.xctest */,
			);
			name = Products;
			sourceTree = "<group>";
		};
		3ADB2CA42758E97C00C6D4D2 /* North East South West */ = {
			isa = PBXGroup;
			children = (
				3ADB2CA52758E97C00C6D4D2 /* AppDelegate.swift */,
				3ADB2CA72758E97C00C6D4D2 /* SceneDelegate.swift */,
				3ADB2CA92758E97C00C6D4D2 /* ViewController.swift */,
				3ADB2CAB2758E97C00C6D4D2 /* Main.storyboard */,
				3ADB2CAE2758E97D00C6D4D2 /* Assets.xcassets */,
				3ADB2CB02758E97D00C6D4D2 /* LaunchScreen.storyboard */,
				3ADB2CB32758E97D00C6D4D2 /* Info.plist */,
			);
			path = "North East South West";
			sourceTree = "<group>";
		};
		3ADB2CBB2758E97D00C6D4D2 /* North East South WestTests */ = {
			isa = PBXGroup;
			children = (
				3ADB2CBC2758E97D00C6D4D2 /* North_East_South_WestTests.swift */,
			);
			path = "North East South WestTests";
			sourceTree = "<group>";
		};
		3ADB2CC52758E97E00C6D4D2 /* North East South WestUITests */ = {
			isa = PBXGroup;
			children = (
				3ADB2CC62758E97E00C6D4D2 /* North_East_South_WestUITests.swift */,
				3ADB2CC82758E97E00C6D4D2 /* North_East_South_WestUITestsLaunchTests.swift */,
			);
			path = "North East South WestUITests";
			sourceTree = "<group>";
		};
/* End PBXGroup section */

/* Begin PBXNativeTarget section */
		3ADB2CA12758E97C00C6D4D2 /* North East South West */ = {
			isa = PBXNativeTarget;
			buildConfigurationList = 3ADB2CCC2758E97E00C6D4D2 /* Build configuration list for PBXNativeTarget "North East South West" */;
			buildPhases = (
				3ADB2C9E2758E97C00C6D4D2 /* Sources */,
				3ADB2C9F2758E97C00C6D4D2 /* Frameworks */,
				3ADB2CA02758E97C00C6D4D2 /* Resources */,
			);
			buildRules = (
			);
			dependencies = (
			);
			name = "North East South West";
			productName = "North East South West";
			productReference = 3ADB2CA22758E97C00C6D4D2 /* North East South West.app */;
			productType = "com.apple.product-type.application";
		};
		3ADB2CB72758E97D00C6D4D2 /* North East South WestTests */ = {
			isa = PBXNativeTarget;
			buildConfigurationList = 3ADB2CCF2758E97E00C6D4D2 /* Build configuration list for PBXNativeTarget "North East South WestTests" */;
			buildPhases = (
				3ADB2CB42758E97D00C6D4D2 /* Sources */,
				3ADB2CB52758E97D00C6D4D2 /* Frameworks */,
				3ADB2CB62758E97D00C6D4D2 /* Resources */,
			);
			buildRules = (
			);
			dependencies = (
				3ADB2CBA2758E97D00C6D4D2 /* PBXTargetDependency */,
			);
			name = "North East South WestTests";
			productName = "North East South WestTests";
			productReference = 3ADB2CB82758E97D00C6D4D2 /* North East South WestTests.xctest */;
			productType = "com.apple.product-type.bundle.unit-test";
		};
		3ADB2CC12758E97E00C6D4D2 /* North East South WestUITests */ = {
			isa = PBXNativeTarget;
			buildConfigurationList = 3ADB2CD22758E97E00C6D4D2 /* Build configuration list for PBXNativeTarget "North East South WestUITests" */;
			buildPhases = (
				3ADB2CBE2758E97E00C6D4D2 /* Sources */,
				3ADB2CBF2758E97E00C6D4D2 /* Frameworks */,
				3ADB2CC02758E97E00C6D4D2 /* Resources */,
			);
			buildRules = (
			);
			dependencies = (
				3ADB2CC42758E97E00C6D4D2 /* PBXTargetDependency */,
			);
			name = "North East South WestUITests";
			productName = "North East South WestUITests";
			productReference = 3ADB2CC22758E97E00C6D4D2 /* North East South WestUITests.xctest */;
			productType = "com.apple.product-type.bundle.ui-testing";
		};
/* End PBXNativeTarget section */

/* Begin PBXProject section */
		3ADB2C9A2758E97C00C6D4D2 /* Project object */ = {
			isa = PBXProject;
			attributes = {
				BuildIndependentTargetsInParallel = 1;
				LastSwiftUpdateCheck = 1310;
				LastUpgradeCheck = 1310;
				TargetAttributes = {
					3ADB2CA12758E97C00C6D4D2 = {
						CreatedOnToolsVersion = 13.1;
					};
					3ADB2CB72758E97D00C6D4D2 = {
						CreatedOnToolsVersion = 13.1;
						TestTargetID = 3ADB2CA12758E97C00C6D4D2;
					};
					3ADB2CC12758E97E00C6D4D2 = {
						CreatedOnToolsVersion = 13.1;
						TestTargetID = 3ADB2CA12758E97C00C6D4D2;
					};
				};
			};
			buildConfigurationList = 3ADB2C9D2758E97C00C6D4D2 /* Build configuration list for PBXProject "North East South West" */;
			compatibilityVersion = "Xcode 13.0";
			developmentRegion = en;
			hasScannedForEncodings = 0;
			knownRegions = (
				en,
				Base,
			);
			mainGroup = 3ADB2C992758E97C00C6D4D2;
			productRefGroup = 3ADB2CA32758E97C00C6D4D2 /* Products */;
			projectDirPath = "";
			projectRoot = "";
			targets = (
				3ADB2CA12758E97C00C6D4D2 /* North East South West */,
				3ADB2CB72758E97D00C6D4D2 /* North East South WestTests */,
				3ADB2CC12758E97E00C6D4D2 /* North East South WestUITests */,
			);
		};
/* End PBXProject section */

/* Begin PBXResourcesBuildPhase section */
		3ADB2CA02758E97C00C6D4D2 /* Resources */ = {
			isa = PBXResourcesBuildPhase;
			buildActionMask = 2147483647;
			files = (
				3ADB2CB22758E97D00C6D4D2 /* LaunchScreen.storyboard in Resources */,
				3ADB2CAF2758E97D00C6D4D2 /* Assets.xcassets in Resources */,
				3ADB2CAD2758E97C00C6D4D2 /* Main.storyboard in Resources */,
			);
			runOnlyForDeploymentPostprocessing = 0;
		};
		3ADB2CB62758E97D00C6D4D2 /* Resources */ = {
			isa = PBXResourcesBuildPhase;
			buildActionMask = 2147483647;
			files = (
			);
			runOnlyForDeploymentPostprocessing = 0;
		};
		3ADB2CC02758E97E00C6D4D2 /* Resources */ = {
			isa = PBXResourcesBuildPhase;
			buildActionMask = 2147483647;
			files = (
			);
			runOnlyForDeploymentPostprocessing = 0;
		};
/* End PBXResourcesBuildPhase section */

/* Begin PBXSourcesBuildPhase section */
		3ADB2C9E2758E97C00C6D4D2 /* Sources */ = {
			isa = PBXSourcesBuildPhase;
			buildActionMask = 2147483647;
			files = (
				3ADB2CAA2758E97C00C6D4D2 /* ViewController.swift in Sources */,
				3ADB2CA62758E97C00C6D4D2 /* AppDelegate.swift in Sources */,
				3ADB2CA82758E97C00C6D4D2 /* SceneDelegate.swift in Sources */,
			);
			runOnlyForDeploymentPostprocessing = 0;
		};
		3ADB2CB42758E97D00C6D4D2 /* Sources */ = {
			isa = PBXSourcesBuildPhase;
			buildActionMask = 2147483647;
			files = (
				3ADB2CBD2758E97D00C6D4D2 /* North_East_South_WestTests.swift in Sources */,
			);
			runOnlyForDeploymentPostprocessing = 0;
		};
		3ADB2CBE2758E97E00C6D4D2 /* Sources */ = {
			isa = PBXSourcesBuildPhase;
			buildActionMask = 2147483647;
			files = (
				3ADB2CC92758E97E00C6D4D2 /* North_East_South_WestUITestsLaunchTests.swift in Sources */,
				3ADB2CC72758E97E00C6D4D2 /* North_East_South_WestUITests.swift in Sources */,
			);
			runOnlyForDeploymentPostprocessing = 0;
		};
/* End PBXSourcesBuildPhase section */

/* Begin PBXTargetDependency section */
		3ADB2CBA2758E97D00C6D4D2 /* PBXTargetDependency */ = {
			isa = PBXTargetDependency;
			target = 3ADB2CA12758E97C00C6D4D2 /* North East South West */;
			targetProxy = 3ADB2CB92758E97D00C6D4D2 /* PBXContainerItemProxy */;
		};
		3ADB2CC42758E97E00C6D4D2 /* PBXTargetDependency */ = {
			isa = PBXTargetDependency;
			target = 3ADB2CA12758E97C00C6D4D2 /* North East South West */;
			targetProxy = 3ADB2CC32758E97E00C6D4D2 /* PBXContainerItemProxy */;
		};
/* End PBXTargetDependency section */

/* Begin PBXVariantGroup section */
		3ADB2CAB2758E97C00C6D4D2 /* Main.storyboard */ = {
			isa = PBXVariantGroup;
			children = (
				3ADB2CAC2758E97C00C6D4D2 /* Base */,
			);
			name = Main.storyboard;
			sourceTree = "<group>";
		};
		3ADB2CB02758E97D00C6D4D2 /* LaunchScreen.storyboard */ = {
			isa = PBXVariantGroup;
			children = (
				3ADB2CB12758E97D00C6D4D2 /* Base */,
			);
			name = LaunchScreen.storyboard;
			sourceTree = "<group>";
		};
/* End PBXVariantGroup section */

/* Begin XCBuildConfiguration section */
		3ADB2CCA2758E97E00C6D4D2 /* Debug */ = {
			isa = XCBuildConfiguration;
			buildSettings = {
				ALWAYS_SEARCH_USER_PATHS = NO;
				CLANG_ANALYZER_NONNULL = YES;
				CLANG_ANALYZER_NUMBER_OBJECT_CONVERSION = YES_AGGRESSIVE;
				CLANG_CXX_LANGUAGE_STANDARD = "gnu++17";
				CLANG_CXX_LIBRARY = "libc++";
				CLANG_ENABLE_MODULES = YES;
				CLANG_ENABLE_OBJC_ARC = YES;
				CLANG_ENABLE_OBJC_WEAK = YES;
				CLANG_WARN_BLOCK_CAPTURE_AUTORELEASING = YES;
				CLANG_WARN_BOOL_CONVERSION = YES;
				CLANG_WARN_COMMA = YES;
				CLANG_WARN_CONSTANT_CONVERSION = YES;
				CLANG_WARN_DEPRECATED_OBJC_IMPLEMENTATIONS = YES;
				CLANG_WARN_DIRECT_OBJC_ISA_USAGE = YES_ERROR;
				CLANG_WARN_DOCUMENTATION_COMMENTS = YES;
				CLANG_WARN_EMPTY_BODY = YES;
				CLANG_WARN_ENUM_CONVERSION = YES;
				CLANG_WARN_INFINITE_RECURSION = YES;
				CLANG_WARN_INT_CONVERSION = YES;
				CLANG_WARN_NON_LITERAL_NULL_CONVERSION = YES;
				CLANG_WARN_OBJC_IMPLICIT_RETAIN_SELF = YES;
				CLANG_WARN_OBJC_LITERAL_CONVERSION = YES;
				CLANG_WARN_OBJC_ROOT_CLASS = YES_ERROR;
				CLANG_WARN_QUOTED_INCLUDE_IN_FRAMEWORK_HEADER = YES;
				CLANG_WARN_RANGE_LOOP_ANALYSIS = YES;
				CLANG_WARN_STRICT_PROTOTYPES = YES;
				CLANG_WARN_SUSPICIOUS_MOVE = YES;
				CLANG_WARN_UNGUARDED_AVAILABILITY = YES_AGGRESSIVE;
				CLANG_WARN_UNREACHABLE_CODE = YES;
				CLANG_WARN__DUPLICATE_METHOD_MATCH = YES;
				COPY_PHASE_STRIP = NO;
				DEBUG_INFORMATION_FORMAT = dwarf;
				ENABLE_STRICT_OBJC_MSGSEND = YES;
				ENABLE_TESTABILITY = YES;
				GCC_C_LANGUAGE_STANDARD = gnu11;
				GCC_DYNAMIC_NO_PIC = NO;
				GCC_NO_COMMON_BLOCKS = YES;
				GCC_OPTIMIZATION_LEVEL = 0;
				GCC_PREPROCESSOR_DEFINITIONS = (
					"DEBUG=1",
					"$(inherited)",
				);
				GCC_WARN_64_TO_32_BIT_CONVERSION = YES;
				GCC_WARN_ABOUT_RETURN_TYPE = YES_ERROR;
				GCC_WARN_UNDECLARED_SELECTOR = YES;
				GCC_WARN_UNINITIALIZED_AUTOS = YES_AGGRESSIVE;
				GCC_WARN_UNUSED_FUNCTION = YES;
				GCC_WARN_UNUSED_VARIABLE = YES;
				IPHONEOS_DEPLOYMENT_TARGET = 15.0;
				MTL_ENABLE_DEBUG_INFO = INCLUDE_SOURCE;
				MTL_FAST_MATH = YES;
				ONLY_ACTIVE_ARCH = YES;
				SDKROOT = iphoneos;
				SWIFT_ACTIVE_COMPILATION_CONDITIONS = DEBUG;
				SWIFT_OPTIMIZATION_LEVEL = "-Onone";
			};
			name = Debug;
		};
		3ADB2CCB2758E97E00C6D4D2 /* Release */ = {
			isa = XCBuildConfiguration;
			buildSettings = {
				ALWAYS_SEARCH_USER_PATHS = NO;
				CLANG_ANALYZER_NONNULL = YES;
				CLANG_ANALYZER_NUMBER_OBJECT_CONVERSION = YES_AGGRESSIVE;
				CLANG_CXX_LANGUAGE_STANDARD = "gnu++17";
				CLANG_CXX_LIBRARY = "libc++";
				CLANG_ENABLE_MODULES = YES;
				CLANG_ENABLE_OBJC_ARC = YES;
				CLANG_ENABLE_OBJC_WEAK = YES;
				CLANG_WARN_BLOCK_CAPTURE_AUTORELEASING = YES;
				CLANG_WARN_BOOL_CONVERSION = YES;
				CLANG_WARN_COMMA = YES;
				CLANG_WARN_CONSTANT_CONVERSION = YES;
				CLANG_WARN_DEPRECATED_OBJC_IMPLEMENTATIONS = YES;
				CLANG_WARN_DIRECT_OBJC_ISA_USAGE = YES_ERROR;
				CLANG_WARN_DOCUMENTATION_COMMENTS = YES;
				CLANG_WARN_EMPTY_BODY = YES;
				CLANG_WARN_ENUM_CONVERSION = YES;
				CLANG_WARN_INFINITE_RECURSION = YES;
				CLANG_WARN_INT_CONVERSION = YES;
				CLANG_WARN_NON_LITERAL_NULL_CONVERSION = YES;
				CLANG_WARN_OBJC_IMPLICIT_RETAIN_SELF = YES;
				CLANG_WARN_OBJC_LITERAL_CONVERSION = YES;
				CLANG_WARN_OBJC_ROOT_CLASS = YES_ERROR;
				CLANG_WARN_QUOTED_INCLUDE_IN_FRAMEWORK_HEADER = YES;
				CLANG_WARN_RANGE_LOOP_ANALYSIS = YES;
				CLANG_WARN_STRICT_PROTOTYPES = YES;
				CLANG_WARN_SUSPICIOUS_MOVE = YES;
				CLANG_WARN_UNGUARDED_AVAILABILITY = YES_AGGRESSIVE;
				CLANG_WARN_UNREACHABLE_CODE = YES;
				CLANG_WARN__DUPLICATE_METHOD_MATCH = YES;
				COPY_PHASE_STRIP = NO;
				DEBUG_INFORMATION_FORMAT = "dwarf-with-dsym";
				ENABLE_NS_ASSERTIONS = NO;
				ENABLE_STRICT_OBJC_MSGSEND = YES;
				GCC_C_LANGUAGE_STANDARD = gnu11;
				GCC_NO_COMMON_BLOCKS = YES;
				GCC_WARN_64_TO_32_BIT_CONVERSION = YES;
				GCC_WARN_ABOUT_RETURN_TYPE = YES_ERROR;
				GCC_WARN_UNDECLARED_SELECTOR = YES;
				GCC_WARN_UNINITIALIZED_AUTOS = YES_AGGRESSIVE;
				GCC_WARN_UNUSED_FUNCTION = YES;
				GCC_WARN_UNUSED_VARIABLE = YES;
				IPHONEOS_DEPLOYMENT_TARGET = 15.0;
				MTL_ENABLE_DEBUG_INFO = NO;
				MTL_FAST_MATH = YES;
				SDKROOT = iphoneos;
				SWIFT_COMPILATION_MODE = wholemodule;
				SWIFT_OPTIMIZATION_LEVEL = "-O";
				VALIDATE_PRODUCT = YES;
			};
			name = Release;
		};
		3ADB2CCD2758E97E00C6D4D2 /* Debug */ = {
			isa = XCBuildConfiguration;
			buildSettings = {
				ASSETCATALOG_COMPILER_APPICON_NAME = AppIcon;
				ASSETCATALOG_COMPILER_GLOBAL_ACCENT_COLOR_NAME = AccentColor;
				CODE_SIGN_STYLE = Automatic;
				CURRENT_PROJECT_VERSION = 1;
				GENERATE_INFOPLIST_FILE = YES;
				INFOPLIST_FILE = "North East South West/Info.plist";
				INFOPLIST_KEY_UIApplicationSupportsIndirectInputEvents = YES;
				INFOPLIST_KEY_UILaunchStoryboardName = LaunchScreen;
				INFOPLIST_KEY_UIMainStoryboardFile = Main;
				INFOPLIST_KEY_UISupportedInterfaceOrientations_iPad = "UIInterfaceOrientationPortrait UIInterfaceOrientationPortraitUpsideDown UIInterfaceOrientationLandscapeLeft UIInterfaceOrientationLandscapeRight";
				INFOPLIST_KEY_UISupportedInterfaceOrientations_iPhone = "UIInterfaceOrientationPortrait UIInterfaceOrientationLandscapeLeft UIInterfaceOrientationLandscapeRight";
				LD_RUNPATH_SEARCH_PATHS = (
					"$(inherited)",
					"@executable_path/Frameworks",
				);
				MARKETING_VERSION = 1.0;
				PRODUCT_BUNDLE_IDENTIFIER = "faisal.North-East-South-West";
				PRODUCT_NAME = "$(TARGET_NAME)";
				SWIFT_EMIT_LOC_STRINGS = YES;
				SWIFT_VERSION = 5.0;
				TARGETED_DEVICE_FAMILY = "1,2";
			};
			name = Debug;
		};
		3ADB2CCE2758E97E00C6D4D2 /* Release */ = {
			isa = XCBuildConfiguration;
			buildSettings = {
				ASSETCATALOG_COMPILER_APPICON_NAME = AppIcon;
				ASSETCATALOG_COMPILER_GLOBAL_ACCENT_COLOR_NAME = AccentColor;
				CODE_SIGN_STYLE = Automatic;
				CURRENT_PROJECT_VERSION = 1;
				GENERATE_INFOPLIST_FILE = YES;
				INFOPLIST_FILE = "North East South West/Info.plist";
				INFOPLIST_KEY_UIApplicationSupportsIndirectInputEvents = YES;
				INFOPLIST_KEY_UILaunchStoryboardName = LaunchScreen;
				INFOPLIST_KEY_UIMainStoryboardFile = Main;
				INFOPLIST_KEY_UISupportedInterfaceOrientations_iPad = "UIInterfaceOrientationPortrait UIInterfaceOrientationPortraitUpsideDown UIInterfaceOrientationLandscapeLeft UIInterfaceOrientationLandscapeRight";
				INFOPLIST_KEY_UISupportedInterfaceOrientations_iPhone = "UIInterfaceOrientationPortrait UIInterfaceOrientationLandscapeLeft UIInterfaceOrientationLandscapeRight";
				LD_RUNPATH_SEARCH_PATHS = (
					"$(inherited)",
					"@executable_path/Frameworks",
				);
				MARKETING_VERSION = 1.0;
				PRODUCT_BUNDLE_IDENTIFIER = "faisal.North-East-South-West";
				PRODUCT_NAME = "$(TARGET_NAME)";
				SWIFT_EMIT_LOC_STRINGS = YES;
				SWIFT_VERSION = 5.0;
				TARGETED_DEVICE_FAMILY = "1,2";
			};
			name = Release;
		};
		3ADB2CD02758E97E00C6D4D2 /* Debug */ = {
			isa = XCBuildConfiguration;
			buildSettings = {
				ALWAYS_EMBED_SWIFT_STANDARD_LIBRARIES = YES;
				BUNDLE_LOADER = "$(TEST_HOST)";
				CODE_SIGN_STYLE = Automatic;
				CURRENT_PROJECT_VERSION = 1;
				GENERATE_INFOPLIST_FILE = YES;
				IPHONEOS_DEPLOYMENT_TARGET = 15.0;
				LD_RUNPATH_SEARCH_PATHS = (
					"$(inherited)",
					"@executable_path/Frameworks",
					"@loader_path/Frameworks",
				);
				MARKETING_VERSION = 1.0;
				PRODUCT_BUNDLE_IDENTIFIER = "faisal.North-East-South-WestTests";
				PRODUCT_NAME = "$(TARGET_NAME)";
				SWIFT_EMIT_LOC_STRINGS = NO;
				SWIFT_VERSION = 5.0;
				TARGETED_DEVICE_FAMILY = "1,2";
				TEST_HOST = "$(BUILT_PRODUCTS_DIR)/North East South West.app/North East South West";
			};
			name = Debug;
		};
		3ADB2CD12758E97E00C6D4D2 /* Release */ = {
			isa = XCBuildConfiguration;
			buildSettings = {
				ALWAYS_EMBED_SWIFT_STANDARD_LIBRARIES = YES;
				BUNDLE_LOADER = "$(TEST_HOST)";
				CODE_SIGN_STYLE = Automatic;
				CURRENT_PROJECT_VERSION = 1;
				GENERATE_INFOPLIST_FILE = YES;
				IPHONEOS_DEPLOYMENT_TARGET = 15.0;
				LD_RUNPATH_SEARCH_PATHS = (
					"$(inherited)",
					"@executable_path/Frameworks",
					"@loader_path/Frameworks",
				);
				MARKETING_VERSION = 1.0;
				PRODUCT_BUNDLE_IDENTIFIER = "faisal.North-East-South-WestTests";
				PRODUCT_NAME = "$(TARGET_NAME)";
				SWIFT_EMIT_LOC_STRINGS = NO;
				SWIFT_VERSION = 5.0;
				TARGETED_DEVICE_FAMILY = "1,2";
				TEST_HOST = "$(BUILT_PRODUCTS_DIR)/North East South West.app/North East South West";
			};
			name = Release;
		};
		3ADB2CD32758E97E00C6D4D2 /* Debug */ = {
			isa = XCBuildConfiguration;
			buildSettings = {
				ALWAYS_EMBED_SWIFT_STANDARD_LIBRARIES = YES;
				CODE_SIGN_STYLE = Automatic;
				CURRENT_PROJECT_VERSION = 1;
				GENERATE_INFOPLIST_FILE = YES;
				LD_RUNPATH_SEARCH_PATHS = (
					"$(inherited)",
					"@executable_path/Frameworks",
					"@loader_path/Frameworks",
				);
				MARKETING_VERSION = 1.0;
				PRODUCT_BUNDLE_IDENTIFIER = "faisal.North-East-South-WestUITests";
				PRODUCT_NAME = "$(TARGET_NAME)";
				SWIFT_EMIT_LOC_STRINGS = NO;
				SWIFT_VERSION = 5.0;
				TARGETED_DEVICE_FAMILY = "1,2";
				TEST_TARGET_NAME = "North East South West";
			};
			name = Debug;
		};
		3ADB2CD42758E97E00C6D4D2 /* Release */ = {
			isa = XCBuildConfiguration;
			buildSettings = {
				ALWAYS_EMBED_SWIFT_STANDARD_LIBRARIES = YES;
				CODE_SIGN_STYLE = Automatic;
				CURRENT_PROJECT_VERSION = 1;
				GENERATE_INFOPLIST_FILE = YES;
				LD_RUNPATH_SEARCH_PATHS = (
					"$(inherited)",
					"@executable_path/Frameworks",
					"@loader_path/Frameworks",
				);
				MARKETING_VERSION = 1.0;
				PRODUCT_BUNDLE_IDENTIFIER = "faisal.North-East-South-WestUITests";
				PRODUCT_NAME = "$(TARGET_NAME)";
				SWIFT_EMIT_LOC_STRINGS = NO;
				SWIFT_VERSION = 5.0;
				TARGETED_DEVICE_FAMILY = "1,2";
				TEST_TARGET_NAME = "North East South West";
			};
			name = Release;
		};
/* End XCBuildConfiguration section */

/* Begin XCConfigurationList section */
		3ADB2C9D2758E97C00C6D4D2 /* Build configuration list for PBXProject "North East South West" */ = {
			isa = XCConfigurationList;
			buildConfigurations = (
				3ADB2CCA2758E97E00C6D4D2 /* Debug */,
				3ADB2CCB2758E97E00C6D4D2 /* Release */,
			);
			defaultConfigurationIsVisible = 0;
			defaultConfigurationName = Release;
		};
		3ADB2CCC2758E97E00C6D4D2 /* Build configuration list for PBXNativeTarget "North East South West" */ = {
			isa = XCConfigurationList;
			buildConfigurations = (
				3ADB2CCD2758E97E00C6D4D2 /* Debug */,
				3ADB2CCE2758E97E00C6D4D2 /* Release */,
			);
			defaultConfigurationIsVisible = 0;
			defaultConfigurationName = Release;
		};
		3ADB2CCF2758E97E00C6D4D2 /* Build configuration list for PBXNativeTarget "North East South WestTests" */ = {
			isa = XCConfigurationList;
			buildConfigurations = (
				3ADB2CD02758E97E00C6D4D2 /* Debug */,
				3ADB2CD12758E97E00C6D4D2 /* Release */,
			);
			defaultConfigurationIsVisible = 0;
			defaultConfigurationName = Release;
		};
		3ADB2CD22758E97E00C6D4D2 /* Build configuration list for PBXNativeTarget "North East South WestUITests" */ = {
			isa = XCConfigurationList;
			buildConfigurations = (
				3ADB2CD32758E97E00C6D4D2 /* Debug */,
				3ADB2CD42758E97E00C6D4D2 /* Release */,
			);
			defaultConfigurationIsVisible = 0;
			defaultConfigurationName = Release;
		};
/* End XCConfigurationList section */
	};
	rootObject = 3ADB2C9A2758E97C00C6D4D2 /* Project object */;
}
